// !$*UTF8*$!
{
	archiveVersion = 1;
	classes = {
	};
	objectVersion = 56;
	objects = {

/* Begin PBXBuildFile section */
		860516BC2989FA4200550F9A /* LoadingView.swift in Sources */ = {isa = PBXBuildFile; fileRef = 860516BB2989FA4200550F9A /* LoadingView.swift */; };
		860516BE2989FF2100550F9A /* NewReviewView.swift in Sources */ = {isa = PBXBuildFile; fileRef = 860516BD2989FF2100550F9A /* NewReviewView.swift */; };
		860516C0298A004300550F9A /* RatingSubmissionView.swift in Sources */ = {isa = PBXBuildFile; fileRef = 860516BF298A004300550F9A /* RatingSubmissionView.swift */; };
		860D157929899E0700C97E56 /* ViewModel.swift in Sources */ = {isa = PBXBuildFile; fileRef = 860D157829899E0700C97E56 /* ViewModel.swift */; };
		860D157C2989AAA900C97E56 /* FoodDetailView.swift in Sources */ = {isa = PBXBuildFile; fileRef = 860D157B2989AAA900C97E56 /* FoodDetailView.swift */; };
		860D157E2989C61300C97E56 /* RatingView.swift in Sources */ = {isa = PBXBuildFile; fileRef = 860D157D2989C61300C97E56 /* RatingView.swift */; };
		860D15802989D74300C97E56 /* ReviewCreator.swift in Sources */ = {isa = PBXBuildFile; fileRef = 860D157F2989D74300C97E56 /* ReviewCreator.swift */; };
		862E79B32980932D004FCF12 /* APIDataModel.swift in Sources */ = {isa = PBXBuildFile; fileRef = 862E79B22980932D004FCF12 /* APIDataModel.swift */; };
		862E79B6298093D9004FCF12 /* APIDataTypes.swift in Sources */ = {isa = PBXBuildFile; fileRef = 862E79B5298093D9004FCF12 /* APIDataTypes.swift */; };
		862E79B929809664004FCF12 /* Utils.swift in Sources */ = {isa = PBXBuildFile; fileRef = 862E79B829809664004FCF12 /* Utils.swift */; };
		862E79BB29809948004FCF12 /* MealHomeViewCell.swift in Sources */ = {isa = PBXBuildFile; fileRef = 862E79BA29809948004FCF12 /* MealHomeViewCell.swift */; };
		862E79BD29809A09004FCF12 /* FiveStarView.swift in Sources */ = {isa = PBXBuildFile; fileRef = 862E79BC29809A09004FCF12 /* FiveStarView.swift */; };
		86403AE92991B447000644BA /* getAllFood.json in Resources */ = {isa = PBXBuildFile; fileRef = 86403AE82991B447000644BA /* getAllFood.json */; };
		865D24A22970CD3600C8B2E2 /* COEN_174App.swift in Sources */ = {isa = PBXBuildFile; fileRef = 865D24A12970CD3600C8B2E2 /* COEN_174App.swift */; };
		865D24A42970CD3600C8B2E2 /* HomeView.swift in Sources */ = {isa = PBXBuildFile; fileRef = 865D24A32970CD3600C8B2E2 /* HomeView.swift */; };
		865D24A62970CD3800C8B2E2 /* Assets.xcassets in Resources */ = {isa = PBXBuildFile; fileRef = 865D24A52970CD3800C8B2E2 /* Assets.xcassets */; };
		865D24A92970CD3800C8B2E2 /* Preview Assets.xcassets in Resources */ = {isa = PBXBuildFile; fileRef = 865D24A82970CD3800C8B2E2 /* Preview Assets.xcassets */; };
		865D24B32970CD3800C8B2E2 /* COEN_174Tests.swift in Sources */ = {isa = PBXBuildFile; fileRef = 865D24B22970CD3800C8B2E2 /* COEN_174Tests.swift */; };
		865D24BD2970CD3800C8B2E2 /* COEN_174UITests.swift in Sources */ = {isa = PBXBuildFile; fileRef = 865D24BC2970CD3800C8B2E2 /* COEN_174UITests.swift */; };
		865D24BF2970CD3800C8B2E2 /* COEN_174UITestsLaunchTests.swift in Sources */ = {isa = PBXBuildFile; fileRef = 865D24BE2970CD3800C8B2E2 /* COEN_174UITestsLaunchTests.swift */; };
		868CCD162980A04B00A1EC21 /* StarRating in Frameworks */ = {isa = PBXBuildFile; productRef = 868CCD152980A04B00A1EC21 /* StarRating */; };
		868CCD182980B3C500A1EC21 /* NavigationModel.swift in Sources */ = {isa = PBXBuildFile; fileRef = 868CCD172980B3C500A1EC21 /* NavigationModel.swift */; };
/* End PBXBuildFile section */

/* Begin PBXContainerItemProxy section */
		865D24AF2970CD3800C8B2E2 /* PBXContainerItemProxy */ = {
			isa = PBXContainerItemProxy;
			containerPortal = 865D24962970CD3600C8B2E2 /* Project object */;
			proxyType = 1;
			remoteGlobalIDString = 865D249D2970CD3600C8B2E2;
			remoteInfo = "COEN 174";
		};
		865D24B92970CD3800C8B2E2 /* PBXContainerItemProxy */ = {
			isa = PBXContainerItemProxy;
			containerPortal = 865D24962970CD3600C8B2E2 /* Project object */;
			proxyType = 1;
			remoteGlobalIDString = 865D249D2970CD3600C8B2E2;
			remoteInfo = "COEN 174";
		};
/* End PBXContainerItemProxy section */

/* Begin PBXFileReference section */
		860516BB2989FA4200550F9A /* LoadingView.swift */ = {isa = PBXFileReference; lastKnownFileType = sourcecode.swift; path = LoadingView.swift; sourceTree = "<group>"; };
		860516BD2989FF2100550F9A /* NewReviewView.swift */ = {isa = PBXFileReference; lastKnownFileType = sourcecode.swift; path = NewReviewView.swift; sourceTree = "<group>"; };
		860516BF298A004300550F9A /* RatingSubmissionView.swift */ = {isa = PBXFileReference; lastKnownFileType = sourcecode.swift; path = RatingSubmissionView.swift; sourceTree = "<group>"; };
		860D157829899E0700C97E56 /* ViewModel.swift */ = {isa = PBXFileReference; lastKnownFileType = sourcecode.swift; path = ViewModel.swift; sourceTree = "<group>"; };
		860D157B2989AAA900C97E56 /* FoodDetailView.swift */ = {isa = PBXFileReference; lastKnownFileType = sourcecode.swift; path = FoodDetailView.swift; sourceTree = "<group>"; };
		860D157D2989C61300C97E56 /* RatingView.swift */ = {isa = PBXFileReference; lastKnownFileType = sourcecode.swift; path = RatingView.swift; sourceTree = "<group>"; };
		860D157F2989D74300C97E56 /* ReviewCreator.swift */ = {isa = PBXFileReference; lastKnownFileType = sourcecode.swift; path = ReviewCreator.swift; sourceTree = "<group>"; };
		862E79B22980932D004FCF12 /* APIDataModel.swift */ = {isa = PBXFileReference; lastKnownFileType = sourcecode.swift; path = APIDataModel.swift; sourceTree = "<group>"; };
		862E79B5298093D9004FCF12 /* APIDataTypes.swift */ = {isa = PBXFileReference; lastKnownFileType = sourcecode.swift; path = APIDataTypes.swift; sourceTree = "<group>"; };
		862E79B729809595004FCF12 /* COEN-174-Info.plist */ = {isa = PBXFileReference; lastKnownFileType = text.plist; path = "COEN-174-Info.plist"; sourceTree = SOURCE_ROOT; };
		862E79B829809664004FCF12 /* Utils.swift */ = {isa = PBXFileReference; lastKnownFileType = sourcecode.swift; path = Utils.swift; sourceTree = "<group>"; };
		862E79BA29809948004FCF12 /* MealHomeViewCell.swift */ = {isa = PBXFileReference; lastKnownFileType = sourcecode.swift; path = MealHomeViewCell.swift; sourceTree = "<group>"; };
		862E79BC29809A09004FCF12 /* FiveStarView.swift */ = {isa = PBXFileReference; lastKnownFileType = sourcecode.swift; path = FiveStarView.swift; sourceTree = "<group>"; };
		86403AE82991B447000644BA /* getAllFood.json */ = {isa = PBXFileReference; fileEncoding = 4; lastKnownFileType = text.json; path = getAllFood.json; sourceTree = "<group>"; };
		865D249E2970CD3600C8B2E2 /* COEN 174.app */ = {isa = PBXFileReference; explicitFileType = wrapper.application; includeInIndex = 0; path = "COEN 174.app"; sourceTree = BUILT_PRODUCTS_DIR; };
		865D24A12970CD3600C8B2E2 /* COEN_174App.swift */ = {isa = PBXFileReference; lastKnownFileType = sourcecode.swift; path = COEN_174App.swift; sourceTree = "<group>"; };
		865D24A32970CD3600C8B2E2 /* HomeView.swift */ = {isa = PBXFileReference; lastKnownFileType = sourcecode.swift; path = HomeView.swift; sourceTree = "<group>"; };
		865D24A52970CD3800C8B2E2 /* Assets.xcassets */ = {isa = PBXFileReference; lastKnownFileType = folder.assetcatalog; path = Assets.xcassets; sourceTree = "<group>"; };
		865D24A82970CD3800C8B2E2 /* Preview Assets.xcassets */ = {isa = PBXFileReference; lastKnownFileType = folder.assetcatalog; path = "Preview Assets.xcassets"; sourceTree = "<group>"; };
		865D24AE2970CD3800C8B2E2 /* COEN 174Tests.xctest */ = {isa = PBXFileReference; explicitFileType = wrapper.cfbundle; includeInIndex = 0; path = "COEN 174Tests.xctest"; sourceTree = BUILT_PRODUCTS_DIR; };
		865D24B22970CD3800C8B2E2 /* COEN_174Tests.swift */ = {isa = PBXFileReference; lastKnownFileType = sourcecode.swift; path = COEN_174Tests.swift; sourceTree = "<group>"; };
		865D24B82970CD3800C8B2E2 /* COEN 174UITests.xctest */ = {isa = PBXFileReference; explicitFileType = wrapper.cfbundle; includeInIndex = 0; path = "COEN 174UITests.xctest"; sourceTree = BUILT_PRODUCTS_DIR; };
		865D24BC2970CD3800C8B2E2 /* COEN_174UITests.swift */ = {isa = PBXFileReference; lastKnownFileType = sourcecode.swift; path = COEN_174UITests.swift; sourceTree = "<group>"; };
		865D24BE2970CD3800C8B2E2 /* COEN_174UITestsLaunchTests.swift */ = {isa = PBXFileReference; lastKnownFileType = sourcecode.swift; path = COEN_174UITestsLaunchTests.swift; sourceTree = "<group>"; };
		868CCD172980B3C500A1EC21 /* NavigationModel.swift */ = {isa = PBXFileReference; lastKnownFileType = sourcecode.swift; path = NavigationModel.swift; sourceTree = "<group>"; };
/* End PBXFileReference section */

/* Begin PBXFrameworksBuildPhase section */
		865D249B2970CD3600C8B2E2 /* Frameworks */ = {
			isa = PBXFrameworksBuildPhase;
			buildActionMask = 2147483647;
			files = (
				868CCD162980A04B00A1EC21 /* StarRating in Frameworks */,
			);
			runOnlyForDeploymentPostprocessing = 0;
		};
		865D24AB2970CD3800C8B2E2 /* Frameworks */ = {
			isa = PBXFrameworksBuildPhase;
			buildActionMask = 2147483647;
			files = (
			);
			runOnlyForDeploymentPostprocessing = 0;
		};
		865D24B52970CD3800C8B2E2 /* Frameworks */ = {
			isa = PBXFrameworksBuildPhase;
			buildActionMask = 2147483647;
			files = (
			);
			runOnlyForDeploymentPostprocessing = 0;
		};
/* End PBXFrameworksBuildPhase section */

/* Begin PBXGroup section */
		860516C1298A1B6F00550F9A /* Utility */ = {
			isa = PBXGroup;
			children = (
				860D157D2989C61300C97E56 /* RatingView.swift */,
				862E79BC29809A09004FCF12 /* FiveStarView.swift */,
				860516BF298A004300550F9A /* RatingSubmissionView.swift */,
				860516BB2989FA4200550F9A /* LoadingView.swift */,
			);
			path = Utility;
			sourceTree = "<group>";
		};
		860D157A29899E0C00C97E56 /* ViewModel */ = {
			isa = PBXGroup;
			children = (
				860D157829899E0700C97E56 /* ViewModel.swift */,
			);
			path = ViewModel;
			sourceTree = "<group>";
		};
		862E79B129809315004FCF12 /* Views */ = {
			isa = PBXGroup;
			children = (
				865D24A32970CD3600C8B2E2 /* HomeView.swift */,
				860D157B2989AAA900C97E56 /* FoodDetailView.swift */,
				860516BD2989FF2100550F9A /* NewReviewView.swift */,
				862E79BA29809948004FCF12 /* MealHomeViewCell.swift */,
				860516C1298A1B6F00550F9A /* Utility */,
			);
			path = Views;
			sourceTree = "<group>";
		};
		862E79B4298093C7004FCF12 /* Models */ = {
			isa = PBXGroup;
			children = (
				862E79B22980932D004FCF12 /* APIDataModel.swift */,
				862E79B5298093D9004FCF12 /* APIDataTypes.swift */,
				868CCD172980B3C500A1EC21 /* NavigationModel.swift */,
				860D157F2989D74300C97E56 /* ReviewCreator.swift */,
			);
			path = Models;
			sourceTree = "<group>";
		};
		865D24952970CD3600C8B2E2 = {
			isa = PBXGroup;
			children = (
				865D24A02970CD3600C8B2E2 /* COEN 174 */,
				865D24B12970CD3800C8B2E2 /* COEN 174Tests */,
				865D24BB2970CD3800C8B2E2 /* COEN 174UITests */,
				865D249F2970CD3600C8B2E2 /* Products */,
			);
			sourceTree = "<group>";
		};
		865D249F2970CD3600C8B2E2 /* Products */ = {
			isa = PBXGroup;
			children = (
				865D249E2970CD3600C8B2E2 /* COEN 174.app */,
				865D24AE2970CD3800C8B2E2 /* COEN 174Tests.xctest */,
				865D24B82970CD3800C8B2E2 /* COEN 174UITests.xctest */,
			);
			name = Products;
			sourceTree = "<group>";
		};
		865D24A02970CD3600C8B2E2 /* COEN 174 */ = {
			isa = PBXGroup;
			children = (
				862E79B729809595004FCF12 /* COEN-174-Info.plist */,
				865D24A12970CD3600C8B2E2 /* COEN_174App.swift */,
				862E79B829809664004FCF12 /* Utils.swift */,
				862E79B4298093C7004FCF12 /* Models */,
				860D157A29899E0C00C97E56 /* ViewModel */,
				862E79B129809315004FCF12 /* Views */,
				865D24A52970CD3800C8B2E2 /* Assets.xcassets */,
				865D24A72970CD3800C8B2E2 /* Preview Content */,
			);
			path = "COEN 174";
			sourceTree = "<group>";
		};
		865D24A72970CD3800C8B2E2 /* Preview Content */ = {
			isa = PBXGroup;
			children = (
				865D24A82970CD3800C8B2E2 /* Preview Assets.xcassets */,
			);
			path = "Preview Content";
			sourceTree = "<group>";
		};
		865D24B12970CD3800C8B2E2 /* COEN 174Tests */ = {
			isa = PBXGroup;
			children = (
				86403AE82991B447000644BA /* getAllFood.json */,
				865D24B22970CD3800C8B2E2 /* COEN_174Tests.swift */,
			);
			path = "COEN 174Tests";
			sourceTree = "<group>";
		};
		865D24BB2970CD3800C8B2E2 /* COEN 174UITests */ = {
			isa = PBXGroup;
			children = (
				865D24BC2970CD3800C8B2E2 /* COEN_174UITests.swift */,
				865D24BE2970CD3800C8B2E2 /* COEN_174UITestsLaunchTests.swift */,
			);
			path = "COEN 174UITests";
			sourceTree = "<group>";
		};
/* End PBXGroup section */

/* Begin PBXNativeTarget section */
		865D249D2970CD3600C8B2E2 /* COEN 174 */ = {
			isa = PBXNativeTarget;
			buildConfigurationList = 865D24C22970CD3800C8B2E2 /* Build configuration list for PBXNativeTarget "COEN 174" */;
			buildPhases = (
				865D249A2970CD3600C8B2E2 /* Sources */,
				865D249B2970CD3600C8B2E2 /* Frameworks */,
				865D249C2970CD3600C8B2E2 /* Resources */,
			);
			buildRules = (
			);
			dependencies = (
			);
			name = "COEN 174";
			packageProductDependencies = (
				868CCD152980A04B00A1EC21 /* StarRating */,
			);
			productName = "COEN 174";
			productReference = 865D249E2970CD3600C8B2E2 /* COEN 174.app */;
			productType = "com.apple.product-type.application";
		};
		865D24AD2970CD3800C8B2E2 /* COEN 174Tests */ = {
			isa = PBXNativeTarget;
			buildConfigurationList = 865D24C52970CD3800C8B2E2 /* Build configuration list for PBXNativeTarget "COEN 174Tests" */;
			buildPhases = (
				865D24AA2970CD3800C8B2E2 /* Sources */,
				865D24AB2970CD3800C8B2E2 /* Frameworks */,
				865D24AC2970CD3800C8B2E2 /* Resources */,
			);
			buildRules = (
			);
			dependencies = (
				865D24B02970CD3800C8B2E2 /* PBXTargetDependency */,
			);
			name = "COEN 174Tests";
			productName = "COEN 174Tests";
			productReference = 865D24AE2970CD3800C8B2E2 /* COEN 174Tests.xctest */;
			productType = "com.apple.product-type.bundle.unit-test";
		};
		865D24B72970CD3800C8B2E2 /* COEN 174UITests */ = {
			isa = PBXNativeTarget;
			buildConfigurationList = 865D24C82970CD3800C8B2E2 /* Build configuration list for PBXNativeTarget "COEN 174UITests" */;
			buildPhases = (
				865D24B42970CD3800C8B2E2 /* Sources */,
				865D24B52970CD3800C8B2E2 /* Frameworks */,
				865D24B62970CD3800C8B2E2 /* Resources */,
			);
			buildRules = (
			);
			dependencies = (
				865D24BA2970CD3800C8B2E2 /* PBXTargetDependency */,
			);
			name = "COEN 174UITests";
			productName = "COEN 174UITests";
			productReference = 865D24B82970CD3800C8B2E2 /* COEN 174UITests.xctest */;
			productType = "com.apple.product-type.bundle.ui-testing";
		};
/* End PBXNativeTarget section */

/* Begin PBXProject section */
		865D24962970CD3600C8B2E2 /* Project object */ = {
			isa = PBXProject;
			attributes = {
				BuildIndependentTargetsInParallel = 1;
				LastSwiftUpdateCheck = 1420;
				LastUpgradeCheck = 1420;
				TargetAttributes = {
					865D249D2970CD3600C8B2E2 = {
						CreatedOnToolsVersion = 14.2;
					};
					865D24AD2970CD3800C8B2E2 = {
						CreatedOnToolsVersion = 14.2;
						TestTargetID = 865D249D2970CD3600C8B2E2;
					};
					865D24B72970CD3800C8B2E2 = {
						CreatedOnToolsVersion = 14.2;
						TestTargetID = 865D249D2970CD3600C8B2E2;
					};
				};
			};
			buildConfigurationList = 865D24992970CD3600C8B2E2 /* Build configuration list for PBXProject "COEN 174" */;
			compatibilityVersion = "Xcode 14.0";
			developmentRegion = en;
			hasScannedForEncodings = 0;
			knownRegions = (
				en,
				Base,
			);
			mainGroup = 865D24952970CD3600C8B2E2;
			packageReferences = (
				868CCD142980A04B00A1EC21 /* XCRemoteSwiftPackageReference "StarRating" */,
			);
			productRefGroup = 865D249F2970CD3600C8B2E2 /* Products */;
			projectDirPath = "";
			projectRoot = "";
			targets = (
				865D249D2970CD3600C8B2E2 /* COEN 174 */,
				865D24AD2970CD3800C8B2E2 /* COEN 174Tests */,
				865D24B72970CD3800C8B2E2 /* COEN 174UITests */,
			);
		};
/* End PBXProject section */

/* Begin PBXResourcesBuildPhase section */
		865D249C2970CD3600C8B2E2 /* Resources */ = {
			isa = PBXResourcesBuildPhase;
			buildActionMask = 2147483647;
			files = (
				865D24A92970CD3800C8B2E2 /* Preview Assets.xcassets in Resources */,
				865D24A62970CD3800C8B2E2 /* Assets.xcassets in Resources */,
			);
			runOnlyForDeploymentPostprocessing = 0;
		};
		865D24AC2970CD3800C8B2E2 /* Resources */ = {
			isa = PBXResourcesBuildPhase;
			buildActionMask = 2147483647;
			files = (
				86403AE92991B447000644BA /* getAllFood.json in Resources */,
			);
			runOnlyForDeploymentPostprocessing = 0;
		};
		865D24B62970CD3800C8B2E2 /* Resources */ = {
			isa = PBXResourcesBuildPhase;
			buildActionMask = 2147483647;
			files = (
			);
			runOnlyForDeploymentPostprocessing = 0;
		};
/* End PBXResourcesBuildPhase section */

/* Begin PBXSourcesBuildPhase section */
		865D249A2970CD3600C8B2E2 /* Sources */ = {
			isa = PBXSourcesBuildPhase;
			buildActionMask = 2147483647;
			files = (
				860D157E2989C61300C97E56 /* RatingView.swift in Sources */,
				862E79BB29809948004FCF12 /* MealHomeViewCell.swift in Sources */,
				860D157929899E0700C97E56 /* ViewModel.swift in Sources */,
				860516BE2989FF2100550F9A /* NewReviewView.swift in Sources */,
				868CCD182980B3C500A1EC21 /* NavigationModel.swift in Sources */,
				860D15802989D74300C97E56 /* ReviewCreator.swift in Sources */,
				862E79B929809664004FCF12 /* Utils.swift in Sources */,
				865D24A42970CD3600C8B2E2 /* HomeView.swift in Sources */,
				862E79B32980932D004FCF12 /* APIDataModel.swift in Sources */,
				862E79B6298093D9004FCF12 /* APIDataTypes.swift in Sources */,
				865D24A22970CD3600C8B2E2 /* COEN_174App.swift in Sources */,
				862E79BD29809A09004FCF12 /* FiveStarView.swift in Sources */,
				860516BC2989FA4200550F9A /* LoadingView.swift in Sources */,
				860D157C2989AAA900C97E56 /* FoodDetailView.swift in Sources */,
				860516C0298A004300550F9A /* RatingSubmissionView.swift in Sources */,
			);
			runOnlyForDeploymentPostprocessing = 0;
		};
		865D24AA2970CD3800C8B2E2 /* Sources */ = {
			isa = PBXSourcesBuildPhase;
			buildActionMask = 2147483647;
			files = (
				865D24B32970CD3800C8B2E2 /* COEN_174Tests.swift in Sources */,
			);
			runOnlyForDeploymentPostprocessing = 0;
		};
		865D24B42970CD3800C8B2E2 /* Sources */ = {
			isa = PBXSourcesBuildPhase;
			buildActionMask = 2147483647;
			files = (
				865D24BF2970CD3800C8B2E2 /* COEN_174UITestsLaunchTests.swift in Sources */,
				865D24BD2970CD3800C8B2E2 /* COEN_174UITests.swift in Sources */,
			);
			runOnlyForDeploymentPostprocessing = 0;
		};
/* End PBXSourcesBuildPhase section */

/* Begin PBXTargetDependency section */
		865D24B02970CD3800C8B2E2 /* PBXTargetDependency */ = {
			isa = PBXTargetDependency;
			target = 865D249D2970CD3600C8B2E2 /* COEN 174 */;
			targetProxy = 865D24AF2970CD3800C8B2E2 /* PBXContainerItemProxy */;
		};
		865D24BA2970CD3800C8B2E2 /* PBXTargetDependency */ = {
			isa = PBXTargetDependency;
			target = 865D249D2970CD3600C8B2E2 /* COEN 174 */;
			targetProxy = 865D24B92970CD3800C8B2E2 /* PBXContainerItemProxy */;
		};
/* End PBXTargetDependency section */

/* Begin XCBuildConfiguration section */
		865D24C02970CD3800C8B2E2 /* Debug */ = {
			isa = XCBuildConfiguration;
			buildSettings = {
				ALWAYS_SEARCH_USER_PATHS = NO;
				CLANG_ANALYZER_NONNULL = YES;
				CLANG_ANALYZER_NUMBER_OBJECT_CONVERSION = YES_AGGRESSIVE;
				CLANG_CXX_LANGUAGE_STANDARD = "gnu++20";
				CLANG_ENABLE_MODULES = YES;
				CLANG_ENABLE_OBJC_ARC = YES;
				CLANG_ENABLE_OBJC_WEAK = YES;
				CLANG_WARN_BLOCK_CAPTURE_AUTORELEASING = YES;
				CLANG_WARN_BOOL_CONVERSION = YES;
				CLANG_WARN_COMMA = YES;
				CLANG_WARN_CONSTANT_CONVERSION = YES;
				CLANG_WARN_DEPRECATED_OBJC_IMPLEMENTATIONS = YES;
				CLANG_WARN_DIRECT_OBJC_ISA_USAGE = YES_ERROR;
				CLANG_WARN_DOCUMENTATION_COMMENTS = YES;
				CLANG_WARN_EMPTY_BODY = YES;
				CLANG_WARN_ENUM_CONVERSION = YES;
				CLANG_WARN_INFINITE_RECURSION = YES;
				CLANG_WARN_INT_CONVERSION = YES;
				CLANG_WARN_NON_LITERAL_NULL_CONVERSION = YES;
				CLANG_WARN_OBJC_IMPLICIT_RETAIN_SELF = YES;
				CLANG_WARN_OBJC_LITERAL_CONVERSION = YES;
				CLANG_WARN_OBJC_ROOT_CLASS = YES_ERROR;
				CLANG_WARN_QUOTED_INCLUDE_IN_FRAMEWORK_HEADER = YES;
				CLANG_WARN_RANGE_LOOP_ANALYSIS = YES;
				CLANG_WARN_STRICT_PROTOTYPES = YES;
				CLANG_WARN_SUSPICIOUS_MOVE = YES;
				CLANG_WARN_UNGUARDED_AVAILABILITY = YES_AGGRESSIVE;
				CLANG_WARN_UNREACHABLE_CODE = YES;
				CLANG_WARN__DUPLICATE_METHOD_MATCH = YES;
				COPY_PHASE_STRIP = NO;
				DEBUG_INFORMATION_FORMAT = dwarf;
				ENABLE_STRICT_OBJC_MSGSEND = YES;
				ENABLE_TESTABILITY = YES;
				GCC_C_LANGUAGE_STANDARD = gnu11;
				GCC_DYNAMIC_NO_PIC = NO;
				GCC_NO_COMMON_BLOCKS = YES;
				GCC_OPTIMIZATION_LEVEL = 0;
				GCC_PREPROCESSOR_DEFINITIONS = (
					"DEBUG=1",
					"$(inherited)",
				);
				GCC_WARN_64_TO_32_BIT_CONVERSION = YES;
				GCC_WARN_ABOUT_RETURN_TYPE = YES_ERROR;
				GCC_WARN_UNDECLARED_SELECTOR = YES;
				GCC_WARN_UNINITIALIZED_AUTOS = YES_AGGRESSIVE;
				GCC_WARN_UNUSED_FUNCTION = YES;
				GCC_WARN_UNUSED_VARIABLE = YES;
				IPHONEOS_DEPLOYMENT_TARGET = 16.2;
				MTL_ENABLE_DEBUG_INFO = INCLUDE_SOURCE;
				MTL_FAST_MATH = YES;
				ONLY_ACTIVE_ARCH = YES;
				SDKROOT = iphoneos;
				SWIFT_ACTIVE_COMPILATION_CONDITIONS = DEBUG;
				SWIFT_OPTIMIZATION_LEVEL = "-Onone";
			};
			name = Debug;
		};
		865D24C12970CD3800C8B2E2 /* Release */ = {
			isa = XCBuildConfiguration;
			buildSettings = {
				ALWAYS_SEARCH_USER_PATHS = NO;
				CLANG_ANALYZER_NONNULL = YES;
				CLANG_ANALYZER_NUMBER_OBJECT_CONVERSION = YES_AGGRESSIVE;
				CLANG_CXX_LANGUAGE_STANDARD = "gnu++20";
				CLANG_ENABLE_MODULES = YES;
				CLANG_ENABLE_OBJC_ARC = YES;
				CLANG_ENABLE_OBJC_WEAK = YES;
				CLANG_WARN_BLOCK_CAPTURE_AUTORELEASING = YES;
				CLANG_WARN_BOOL_CONVERSION = YES;
				CLANG_WARN_COMMA = YES;
				CLANG_WARN_CONSTANT_CONVERSION = YES;
				CLANG_WARN_DEPRECATED_OBJC_IMPLEMENTATIONS = YES;
				CLANG_WARN_DIRECT_OBJC_ISA_USAGE = YES_ERROR;
				CLANG_WARN_DOCUMENTATION_COMMENTS = YES;
				CLANG_WARN_EMPTY_BODY = YES;
				CLANG_WARN_ENUM_CONVERSION = YES;
				CLANG_WARN_INFINITE_RECURSION = YES;
				CLANG_WARN_INT_CONVERSION = YES;
				CLANG_WARN_NON_LITERAL_NULL_CONVERSION = YES;
				CLANG_WARN_OBJC_IMPLICIT_RETAIN_SELF = YES;
				CLANG_WARN_OBJC_LITERAL_CONVERSION = YES;
				CLANG_WARN_OBJC_ROOT_CLASS = YES_ERROR;
				CLANG_WARN_QUOTED_INCLUDE_IN_FRAMEWORK_HEADER = YES;
				CLANG_WARN_RANGE_LOOP_ANALYSIS = YES;
				CLANG_WARN_STRICT_PROTOTYPES = YES;
				CLANG_WARN_SUSPICIOUS_MOVE = YES;
				CLANG_WARN_UNGUARDED_AVAILABILITY = YES_AGGRESSIVE;
				CLANG_WARN_UNREACHABLE_CODE = YES;
				CLANG_WARN__DUPLICATE_METHOD_MATCH = YES;
				COPY_PHASE_STRIP = NO;
				DEBUG_INFORMATION_FORMAT = "dwarf-with-dsym";
				ENABLE_NS_ASSERTIONS = NO;
				ENABLE_STRICT_OBJC_MSGSEND = YES;
				GCC_C_LANGUAGE_STANDARD = gnu11;
				GCC_NO_COMMON_BLOCKS = YES;
				GCC_WARN_64_TO_32_BIT_CONVERSION = YES;
				GCC_WARN_ABOUT_RETURN_TYPE = YES_ERROR;
				GCC_WARN_UNDECLARED_SELECTOR = YES;
				GCC_WARN_UNINITIALIZED_AUTOS = YES_AGGRESSIVE;
				GCC_WARN_UNUSED_FUNCTION = YES;
				GCC_WARN_UNUSED_VARIABLE = YES;
				IPHONEOS_DEPLOYMENT_TARGET = 16.2;
				MTL_ENABLE_DEBUG_INFO = NO;
				MTL_FAST_MATH = YES;
				SDKROOT = iphoneos;
				SWIFT_COMPILATION_MODE = wholemodule;
				SWIFT_OPTIMIZATION_LEVEL = "-O";
				VALIDATE_PRODUCT = YES;
			};
			name = Release;
		};
		865D24C32970CD3800C8B2E2 /* Debug */ = {
			isa = XCBuildConfiguration;
			buildSettings = {
				ASSETCATALOG_COMPILER_APPICON_NAME = AppIcon;
				ASSETCATALOG_COMPILER_GLOBAL_ACCENT_COLOR_NAME = AccentColor;
				CODE_SIGN_STYLE = Automatic;
				CURRENT_PROJECT_VERSION = 1;
				DEVELOPMENT_ASSET_PATHS = "\"COEN 174/Preview Content\"";
				DEVELOPMENT_TEAM = LTHP4N872E;
				ENABLE_PREVIEWS = YES;
				GENERATE_INFOPLIST_FILE = YES;
				INFOPLIST_FILE = "COEN-174-Info.plist";
				INFOPLIST_KEY_UIApplicationSupportsIndirectInputEvents = YES;
				INFOPLIST_KEY_UILaunchScreen_Generation = YES;
				INFOPLIST_KEY_UISupportedInterfaceOrientations_iPad = "UIInterfaceOrientationPortrait UIInterfaceOrientationPortraitUpsideDown UIInterfaceOrientationLandscapeLeft UIInterfaceOrientationLandscapeRight";
				INFOPLIST_KEY_UISupportedInterfaceOrientations_iPhone = "UIInterfaceOrientationPortrait UIInterfaceOrientationLandscapeLeft UIInterfaceOrientationLandscapeRight";
				LD_RUNPATH_SEARCH_PATHS = (
					"$(inherited)",
					"@executable_path/Frameworks",
				);
				MARKETING_VERSION = 1.0;
				PRODUCT_BUNDLE_IDENTIFIER = "Gavin.COEN-174";
				PRODUCT_NAME = "$(TARGET_NAME)";
				SWIFT_EMIT_LOC_STRINGS = YES;
				SWIFT_VERSION = 5.0;
				TARGETED_DEVICE_FAMILY = "1,2";
			};
			name = Debug;
		};
		865D24C42970CD3800C8B2E2 /* Release */ = {
			isa = XCBuildConfiguration;
			buildSettings = {
				ASSETCATALOG_COMPILER_APPICON_NAME = AppIcon;
				ASSETCATALOG_COMPILER_GLOBAL_ACCENT_COLOR_NAME = AccentColor;
				CODE_SIGN_STYLE = Automatic;
				CURRENT_PROJECT_VERSION = 1;
				DEVELOPMENT_ASSET_PATHS = "\"COEN 174/Preview Content\"";
				DEVELOPMENT_TEAM = LTHP4N872E;
				ENABLE_PREVIEWS = YES;
				GENERATE_INFOPLIST_FILE = YES;
				INFOPLIST_FILE = "COEN-174-Info.plist";
				INFOPLIST_KEY_UIApplicationSupportsIndirectInputEvents = YES;
				INFOPLIST_KEY_UILaunchScreen_Generation = YES;
				INFOPLIST_KEY_UISupportedInterfaceOrientations_iPad = "UIInterfaceOrientationPortrait UIInterfaceOrientationPortraitUpsideDown UIInterfaceOrientationLandscapeLeft UIInterfaceOrientationLandscapeRight";
				INFOPLIST_KEY_UISupportedInterfaceOrientations_iPhone = "UIInterfaceOrientationPortrait UIInterfaceOrientationLandscapeLeft UIInterfaceOrientationLandscapeRight";
				LD_RUNPATH_SEARCH_PATHS = (
					"$(inherited)",
					"@executable_path/Frameworks",
				);
				MARKETING_VERSION = 1.0;
				PRODUCT_BUNDLE_IDENTIFIER = "Gavin.COEN-174";
				PRODUCT_NAME = "$(TARGET_NAME)";
				SWIFT_EMIT_LOC_STRINGS = YES;
				SWIFT_VERSION = 5.0;
				TARGETED_DEVICE_FAMILY = "1,2";
			};
			name = Release;
		};
		865D24C62970CD3800C8B2E2 /* Debug */ = {
			isa = XCBuildConfiguration;
			buildSettings = {
				ALWAYS_EMBED_SWIFT_STANDARD_LIBRARIES = YES;
				BUNDLE_LOADER = "$(TEST_HOST)";
				CODE_SIGN_STYLE = Automatic;
				CURRENT_PROJECT_VERSION = 1;
				DEVELOPMENT_TEAM = LTHP4N872E;
				GENERATE_INFOPLIST_FILE = YES;
				IPHONEOS_DEPLOYMENT_TARGET = 16.2;
				MARKETING_VERSION = 1.0;
				PRODUCT_BUNDLE_IDENTIFIER = "Gavin.COEN-174Tests";
				PRODUCT_NAME = "$(TARGET_NAME)";
				SWIFT_EMIT_LOC_STRINGS = NO;
				SWIFT_VERSION = 5.0;
				TARGETED_DEVICE_FAMILY = "1,2";
				TEST_HOST = "$(BUILT_PRODUCTS_DIR)/COEN 174.app/$(BUNDLE_EXECUTABLE_FOLDER_PATH)/COEN 174";
			};
			name = Debug;
		};
		865D24C72970CD3800C8B2E2 /* Release */ = {
			isa = XCBuildConfiguration;
			buildSettings = {
				ALWAYS_EMBED_SWIFT_STANDARD_LIBRARIES = YES;
				BUNDLE_LOADER = "$(TEST_HOST)";
				CODE_SIGN_STYLE = Automatic;
				CURRENT_PROJECT_VERSION = 1;
				DEVELOPMENT_TEAM = LTHP4N872E;
				GENERATE_INFOPLIST_FILE = YES;
				IPHONEOS_DEPLOYMENT_TARGET = 16.2;
				MARKETING_VERSION = 1.0;
				PRODUCT_BUNDLE_IDENTIFIER = "Gavin.COEN-174Tests";
				PRODUCT_NAME = "$(TARGET_NAME)";
				SWIFT_EMIT_LOC_STRINGS = NO;
				SWIFT_VERSION = 5.0;
				TARGETED_DEVICE_FAMILY = "1,2";
				TEST_HOST = "$(BUILT_PRODUCTS_DIR)/COEN 174.app/$(BUNDLE_EXECUTABLE_FOLDER_PATH)/COEN 174";
			};
			name = Release;
		};
		865D24C92970CD3800C8B2E2 /* Debug */ = {
			isa = XCBuildConfiguration;
			buildSettings = {
				ALWAYS_EMBED_SWIFT_STANDARD_LIBRARIES = YES;
				CODE_SIGN_STYLE = Automatic;
				CURRENT_PROJECT_VERSION = 1;
				DEVELOPMENT_TEAM = LTHP4N872E;
				GENERATE_INFOPLIST_FILE = YES;
				MARKETING_VERSION = 1.0;
				PRODUCT_BUNDLE_IDENTIFIER = "Gavin.COEN-174UITests";
				PRODUCT_NAME = "$(TARGET_NAME)";
				SWIFT_EMIT_LOC_STRINGS = NO;
				SWIFT_VERSION = 5.0;
				TARGETED_DEVICE_FAMILY = "1,2";
				TEST_TARGET_NAME = "COEN 174";
			};
			name = Debug;
		};
		865D24CA2970CD3800C8B2E2 /* Release */ = {
			isa = XCBuildConfiguration;
			buildSettings = {
				ALWAYS_EMBED_SWIFT_STANDARD_LIBRARIES = YES;
				CODE_SIGN_STYLE = Automatic;
				CURRENT_PROJECT_VERSION = 1;
				DEVELOPMENT_TEAM = LTHP4N872E;
				GENERATE_INFOPLIST_FILE = YES;
				MARKETING_VERSION = 1.0;
				PRODUCT_BUNDLE_IDENTIFIER = "Gavin.COEN-174UITests";
				PRODUCT_NAME = "$(TARGET_NAME)";
				SWIFT_EMIT_LOC_STRINGS = NO;
				SWIFT_VERSION = 5.0;
				TARGETED_DEVICE_FAMILY = "1,2";
				TEST_TARGET_NAME = "COEN 174";
			};
			name = Release;
		};
/* End XCBuildConfiguration section */

/* Begin XCConfigurationList section */
		865D24992970CD3600C8B2E2 /* Build configuration list for PBXProject "COEN 174" */ = {
			isa = XCConfigurationList;
			buildConfigurations = (
				865D24C02970CD3800C8B2E2 /* Debug */,
				865D24C12970CD3800C8B2E2 /* Release */,
			);
			defaultConfigurationIsVisible = 0;
			defaultConfigurationName = Release;
		};
		865D24C22970CD3800C8B2E2 /* Build configuration list for PBXNativeTarget "COEN 174" */ = {
			isa = XCConfigurationList;
			buildConfigurations = (
				865D24C32970CD3800C8B2E2 /* Debug */,
				865D24C42970CD3800C8B2E2 /* Release */,
			);
			defaultConfigurationIsVisible = 0;
			defaultConfigurationName = Release;
		};
		865D24C52970CD3800C8B2E2 /* Build configuration list for PBXNativeTarget "COEN 174Tests" */ = {
			isa = XCConfigurationList;
			buildConfigurations = (
				865D24C62970CD3800C8B2E2 /* Debug */,
				865D24C72970CD3800C8B2E2 /* Release */,
			);
			defaultConfigurationIsVisible = 0;
			defaultConfigurationName = Release;
		};
		865D24C82970CD3800C8B2E2 /* Build configuration list for PBXNativeTarget "COEN 174UITests" */ = {
			isa = XCConfigurationList;
			buildConfigurations = (
				865D24C92970CD3800C8B2E2 /* Debug */,
				865D24CA2970CD3800C8B2E2 /* Release */,
			);
			defaultConfigurationIsVisible = 0;
			defaultConfigurationName = Release;
		};
/* End XCConfigurationList section */

/* Begin XCRemoteSwiftPackageReference section */
		868CCD142980A04B00A1EC21 /* XCRemoteSwiftPackageReference "StarRating" */ = {
			isa = XCRemoteSwiftPackageReference;
			repositoryURL = "https://github.com/dkk/StarRating";
			requirement = {
				kind = upToNextMajorVersion;
				minimumVersion = 2.0.0;
			};
		};
/* End XCRemoteSwiftPackageReference section */

/* Begin XCSwiftPackageProductDependency section */
		868CCD152980A04B00A1EC21 /* StarRating */ = {
			isa = XCSwiftPackageProductDependency;
			package = 868CCD142980A04B00A1EC21 /* XCRemoteSwiftPackageReference "StarRating" */;
			productName = StarRating;
		};
/* End XCSwiftPackageProductDependency section */
	};
	rootObject = 865D24962970CD3600C8B2E2 /* Project object */;
}
